
Microsoft Visual Studio Solution File, Format Version 12.00
# Visual Studio 15
VisualStudioVersion = 15.0.27130.2027
MinimumVisualStudioVersion = 10.0.40219.1
Project("{FAE04EC0-301F-11D3-BF4B-00C04F79EFBC}") = "FirstMVCwebApp", "FirstMVCwebApp\FirstMVCwebApp.csproj", "{FBB3CB13-7218-4CC5-9F35-3DDFA34047AE}"
EndProject
Global
	GlobalSection(SolutionConfigurationPlatforms) = preSolution
		Debug|Any CPU = Debug|Any CPU
		Release|Any CPU = Release|Any CPU
	EndGlobalSection
	GlobalSection(ProjectConfigurationPlatforms) = postSolution
		{FBB3CB13-7218-4CC5-9F35-3DDFA34047AE}.Debug|Any CPU.ActiveCfg = Debug|Any CPU
		{FBB3CB13-7218-4CC5-9F35-3DDFA34047AE}.Debug|Any CPU.Build.0 = Debug|Any CPU
		{FBB3CB13-7218-4CC5-9F35-3DDFA34047AE}.Release|Any CPU.ActiveCfg = Release|Any CPU
		{FBB3CB13-7218-4CC5-9F35-3DDFA34047AE}.Release|Any CPU.Build.0 = Release|Any CPU
	EndGlobalSection
	GlobalSection(SolutionProperties) = preSolution
		HideSolutionNode = FALSE
	EndGlobalSection
	GlobalSection(ExtensibilityGlobals) = postSolution
		SolutionGuid = {0192B95A-9A0C-4DE1-BF0B-D7A75C39B425}
	EndGlobalSection
EndGlobal
